// !$*UTF8*$!
{
	archiveVersion = 1;
	classes = {
	};
	objectVersion = 50;
	objects = {

/* Begin PBXBuildFile section */
		1BEA00212697D65A000E207F /* AppDelegate.swift in Sources */ = {isa = PBXBuildFile; fileRef = 1BEA00202697D65A000E207F /* AppDelegate.swift */; };
		1BEA00232697D65A000E207F /* SceneDelegate.swift in Sources */ = {isa = PBXBuildFile; fileRef = 1BEA00222697D65A000E207F /* SceneDelegate.swift */; };
		1BEA00252697D65A000E207F /* ViewController.swift in Sources */ = {isa = PBXBuildFile; fileRef = 1BEA00242697D65A000E207F /* ViewController.swift */; };
		1BEA00282697D65A000E207F /* Main.storyboard in Resources */ = {isa = PBXBuildFile; fileRef = 1BEA00262697D65A000E207F /* Main.storyboard */; };
		1BEA002A2697D65B000E207F /* Assets.xcassets in Resources */ = {isa = PBXBuildFile; fileRef = 1BEA00292697D65B000E207F /* Assets.xcassets */; };
		1BEA002D2697D65B000E207F /* LaunchScreen.storyboard in Resources */ = {isa = PBXBuildFile; fileRef = 1BEA002B2697D65B000E207F /* LaunchScreen.storyboard */; };
		1BEA00382697D65B000E207F /* PushImprssionsTests.swift in Sources */ = {isa = PBXBuildFile; fileRef = 1BEA00372697D65B000E207F /* PushImprssionsTests.swift */; };
		1BEA00432697D65B000E207F /* PushImprssionsUITests.swift in Sources */ = {isa = PBXBuildFile; fileRef = 1BEA00422697D65B000E207F /* PushImprssionsUITests.swift */; };
		8D4D408D08561C0D8632482D /* Pods_PushImprssions_PushImprssionsUITests.framework in Frameworks */ = {isa = PBXBuildFile; fileRef = BBF443C1BAF5146E24EE9026 /* Pods_PushImprssions_PushImprssionsUITests.framework */; };
		B38A1056BB94CC76BEFC8190 /* Pods_PushImprssions.framework in Frameworks */ = {isa = PBXBuildFile; fileRef = 3BB0A0285CC8CFF4BF1AFFE2 /* Pods_PushImprssions.framework */; };
		F4160432644E58FDB2AEED9D /* Pods_PushImprssionsTests.framework in Frameworks */ = {isa = PBXBuildFile; fileRef = 61C3B24C6A8B1DCD61C77AE3 /* Pods_PushImprssionsTests.framework */; };
/* End PBXBuildFile section */

/* Begin PBXContainerItemProxy section */
		1BEA00342697D65B000E207F /* PBXContainerItemProxy */ = {
			isa = PBXContainerItemProxy;
			containerPortal = 1BEA00152697D65A000E207F /* Project object */;
			proxyType = 1;
			remoteGlobalIDString = 1BEA001C2697D65A000E207F;
			remoteInfo = PushImprssions;
		};
		1BEA003F2697D65B000E207F /* PBXContainerItemProxy */ = {
			isa = PBXContainerItemProxy;
			containerPortal = 1BEA00152697D65A000E207F /* Project object */;
			proxyType = 1;
			remoteGlobalIDString = 1BEA001C2697D65A000E207F;
			remoteInfo = PushImprssions;
		};
/* End PBXContainerItemProxy section */

/* Begin PBXFileReference section */
		1BEA001D2697D65A000E207F /* PushImprssions.app */ = {isa = PBXFileReference; explicitFileType = wrapper.application; includeInIndex = 0; path = PushImprssions.app; sourceTree = BUILT_PRODUCTS_DIR; };
		1BEA00202697D65A000E207F /* AppDelegate.swift */ = {isa = PBXFileReference; lastKnownFileType = sourcecode.swift; path = AppDelegate.swift; sourceTree = "<group>"; };
		1BEA00222697D65A000E207F /* SceneDelegate.swift */ = {isa = PBXFileReference; lastKnownFileType = sourcecode.swift; path = SceneDelegate.swift; sourceTree = "<group>"; };
		1BEA00242697D65A000E207F /* ViewController.swift */ = {isa = PBXFileReference; lastKnownFileType = sourcecode.swift; path = ViewController.swift; sourceTree = "<group>"; };
		1BEA00272697D65A000E207F /* Base */ = {isa = PBXFileReference; lastKnownFileType = file.storyboard; name = Base; path = Base.lproj/Main.storyboard; sourceTree = "<group>"; };
		1BEA00292697D65B000E207F /* Assets.xcassets */ = {isa = PBXFileReference; lastKnownFileType = folder.assetcatalog; path = Assets.xcassets; sourceTree = "<group>"; };
		1BEA002C2697D65B000E207F /* Base */ = {isa = PBXFileReference; lastKnownFileType = file.storyboard; name = Base; path = Base.lproj/LaunchScreen.storyboard; sourceTree = "<group>"; };
		1BEA002E2697D65B000E207F /* Info.plist */ = {isa = PBXFileReference; lastKnownFileType = text.plist.xml; path = Info.plist; sourceTree = "<group>"; };
		1BEA00332697D65B000E207F /* PushImprssionsTests.xctest */ = {isa = PBXFileReference; explicitFileType = wrapper.cfbundle; includeInIndex = 0; path = PushImprssionsTests.xctest; sourceTree = BUILT_PRODUCTS_DIR; };
		1BEA00372697D65B000E207F /* PushImprssionsTests.swift */ = {isa = PBXFileReference; lastKnownFileType = sourcecode.swift; path = PushImprssionsTests.swift; sourceTree = "<group>"; };
		1BEA00392697D65B000E207F /* Info.plist */ = {isa = PBXFileReference; lastKnownFileType = text.plist.xml; path = Info.plist; sourceTree = "<group>"; };
		1BEA003E2697D65B000E207F /* PushImprssionsUITests.xctest */ = {isa = PBXFileReference; explicitFileType = wrapper.cfbundle; includeInIndex = 0; path = PushImprssionsUITests.xctest; sourceTree = BUILT_PRODUCTS_DIR; };
		1BEA00422697D65B000E207F /* PushImprssionsUITests.swift */ = {isa = PBXFileReference; lastKnownFileType = sourcecode.swift; path = PushImprssionsUITests.swift; sourceTree = "<group>"; };
		1BEA00442697D65B000E207F /* Info.plist */ = {isa = PBXFileReference; lastKnownFileType = text.plist.xml; path = Info.plist; sourceTree = "<group>"; };
		29A0812B1EC54CD4C9649A88 /* Pods-PushImprssions-PushImprssionsUITests.debug.xcconfig */ = {isa = PBXFileReference; includeInIndex = 1; lastKnownFileType = text.xcconfig; name = "Pods-PushImprssions-PushImprssionsUITests.debug.xcconfig"; path = "Target Support Files/Pods-PushImprssions-PushImprssionsUITests/Pods-PushImprssions-PushImprssionsUITests.debug.xcconfig"; sourceTree = "<group>"; };
		3BB0A0285CC8CFF4BF1AFFE2 /* Pods_PushImprssions.framework */ = {isa = PBXFileReference; explicitFileType = wrapper.framework; includeInIndex = 0; path = Pods_PushImprssions.framework; sourceTree = BUILT_PRODUCTS_DIR; };
		61C3B24C6A8B1DCD61C77AE3 /* Pods_PushImprssionsTests.framework */ = {isa = PBXFileReference; explicitFileType = wrapper.framework; includeInIndex = 0; path = Pods_PushImprssionsTests.framework; sourceTree = BUILT_PRODUCTS_DIR; };
		8C506C86FCD8A17611BA57C4 /* Pods-PushImprssions-PushImprssionsUITests.release.xcconfig */ = {isa = PBXFileReference; includeInIndex = 1; lastKnownFileType = text.xcconfig; name = "Pods-PushImprssions-PushImprssionsUITests.release.xcconfig"; path = "Target Support Files/Pods-PushImprssions-PushImprssionsUITests/Pods-PushImprssions-PushImprssionsUITests.release.xcconfig"; sourceTree = "<group>"; };
		928CCB380E9ACE4192CC83A4 /* Pods-PushImprssions.debug.xcconfig */ = {isa = PBXFileReference; includeInIndex = 1; lastKnownFileType = text.xcconfig; name = "Pods-PushImprssions.debug.xcconfig"; path = "Target Support Files/Pods-PushImprssions/Pods-PushImprssions.debug.xcconfig"; sourceTree = "<group>"; };
		933A3C02DD5C19DAB2776F26 /* Pods-PushImprssions.release.xcconfig */ = {isa = PBXFileReference; includeInIndex = 1; lastKnownFileType = text.xcconfig; name = "Pods-PushImprssions.release.xcconfig"; path = "Target Support Files/Pods-PushImprssions/Pods-PushImprssions.release.xcconfig"; sourceTree = "<group>"; };
		9D9C810E51F51B3F143EFFE6 /* Pods-PushImprssionsTests.debug.xcconfig */ = {isa = PBXFileReference; includeInIndex = 1; lastKnownFileType = text.xcconfig; name = "Pods-PushImprssionsTests.debug.xcconfig"; path = "Target Support Files/Pods-PushImprssionsTests/Pods-PushImprssionsTests.debug.xcconfig"; sourceTree = "<group>"; };
		BBF443C1BAF5146E24EE9026 /* Pods_PushImprssions_PushImprssionsUITests.framework */ = {isa = PBXFileReference; explicitFileType = wrapper.framework; includeInIndex = 0; path = Pods_PushImprssions_PushImprssionsUITests.framework; sourceTree = BUILT_PRODUCTS_DIR; };
		F746918FEC0ADD750A1767FE /* Pods-PushImprssionsTests.release.xcconfig */ = {isa = PBXFileReference; includeInIndex = 1; lastKnownFileType = text.xcconfig; name = "Pods-PushImprssionsTests.release.xcconfig"; path = "Target Support Files/Pods-PushImprssionsTests/Pods-PushImprssionsTests.release.xcconfig"; sourceTree = "<group>"; };
/* End PBXFileReference section */

/* Begin PBXFrameworksBuildPhase section */
		1BEA001A2697D65A000E207F /* Frameworks */ = {
			isa = PBXFrameworksBuildPhase;
			buildActionMask = 2147483647;
			files = (
				B38A1056BB94CC76BEFC8190 /* Pods_PushImprssions.framework in Frameworks */,
			);
			runOnlyForDeploymentPostprocessing = 0;
		};
		1BEA00302697D65B000E207F /* Frameworks */ = {
			isa = PBXFrameworksBuildPhase;
			buildActionMask = 2147483647;
			files = (
				F4160432644E58FDB2AEED9D /* Pods_PushImprssionsTests.framework in Frameworks */,
			);
			runOnlyForDeploymentPostprocessing = 0;
		};
		1BEA003B2697D65B000E207F /* Frameworks */ = {
			isa = PBXFrameworksBuildPhase;
			buildActionMask = 2147483647;
			files = (
				8D4D408D08561C0D8632482D /* Pods_PushImprssions_PushImprssionsUITests.framework in Frameworks */,
			);
			runOnlyForDeploymentPostprocessing = 0;
		};
/* End PBXFrameworksBuildPhase section */

/* Begin PBXGroup section */
		1570F5C8CC02E09BA27F25F4 /* Frameworks */ = {
			isa = PBXGroup;
			children = (
				3BB0A0285CC8CFF4BF1AFFE2 /* Pods_PushImprssions.framework */,
				BBF443C1BAF5146E24EE9026 /* Pods_PushImprssions_PushImprssionsUITests.framework */,
				61C3B24C6A8B1DCD61C77AE3 /* Pods_PushImprssionsTests.framework */,
			);
			name = Frameworks;
			sourceTree = "<group>";
		};
		1BEA00142697D65A000E207F = {
			isa = PBXGroup;
			children = (
				1BEA001F2697D65A000E207F /* PushImprssions */,
				1BEA00362697D65B000E207F /* PushImprssionsTests */,
				1BEA00412697D65B000E207F /* PushImprssionsUITests */,
				1BEA001E2697D65A000E207F /* Products */,
				C8C8FA3245294729594961FC /* Pods */,
				1570F5C8CC02E09BA27F25F4 /* Frameworks */,
			);
			sourceTree = "<group>";
		};
		1BEA001E2697D65A000E207F /* Products */ = {
			isa = PBXGroup;
			children = (
				1BEA001D2697D65A000E207F /* PushImprssions.app */,
				1BEA00332697D65B000E207F /* PushImprssionsTests.xctest */,
				1BEA003E2697D65B000E207F /* PushImprssionsUITests.xctest */,
			);
			name = Products;
			sourceTree = "<group>";
		};
		1BEA001F2697D65A000E207F /* PushImprssions */ = {
			isa = PBXGroup;
			children = (
				1BEA00202697D65A000E207F /* AppDelegate.swift */,
				1BEA00222697D65A000E207F /* SceneDelegate.swift */,
				1BEA00242697D65A000E207F /* ViewController.swift */,
				1BEA00262697D65A000E207F /* Main.storyboard */,
				1BEA00292697D65B000E207F /* Assets.xcassets */,
				1BEA002B2697D65B000E207F /* LaunchScreen.storyboard */,
				1BEA002E2697D65B000E207F /* Info.plist */,
			);
			path = PushImprssions;
			sourceTree = "<group>";
		};
		1BEA00362697D65B000E207F /* PushImprssionsTests */ = {
			isa = PBXGroup;
			children = (
				1BEA00372697D65B000E207F /* PushImprssionsTests.swift */,
				1BEA00392697D65B000E207F /* Info.plist */,
			);
			path = PushImprssionsTests;
			sourceTree = "<group>";
		};
		1BEA00412697D65B000E207F /* PushImprssionsUITests */ = {
			isa = PBXGroup;
			children = (
				1BEA00422697D65B000E207F /* PushImprssionsUITests.swift */,
				1BEA00442697D65B000E207F /* Info.plist */,
			);
			path = PushImprssionsUITests;
			sourceTree = "<group>";
		};
		C8C8FA3245294729594961FC /* Pods */ = {
			isa = PBXGroup;
			children = (
				928CCB380E9ACE4192CC83A4 /* Pods-PushImprssions.debug.xcconfig */,
				933A3C02DD5C19DAB2776F26 /* Pods-PushImprssions.release.xcconfig */,
				29A0812B1EC54CD4C9649A88 /* Pods-PushImprssions-PushImprssionsUITests.debug.xcconfig */,
				8C506C86FCD8A17611BA57C4 /* Pods-PushImprssions-PushImprssionsUITests.release.xcconfig */,
				9D9C810E51F51B3F143EFFE6 /* Pods-PushImprssionsTests.debug.xcconfig */,
				F746918FEC0ADD750A1767FE /* Pods-PushImprssionsTests.release.xcconfig */,
			);
			name = Pods;
			path = Pods;
			sourceTree = "<group>";
		};
/* End PBXGroup section */

/* Begin PBXNativeTarget section */
		1BEA001C2697D65A000E207F /* PushImprssions */ = {
			isa = PBXNativeTarget;
			buildConfigurationList = 1BEA00472697D65B000E207F /* Build configuration list for PBXNativeTarget "PushImprssions" */;
			buildPhases = (
				AFBF6057470DD059CC48EEA9 /* [CP] Check Pods Manifest.lock */,
				1BEA00192697D65A000E207F /* Sources */,
				1BEA001A2697D65A000E207F /* Frameworks */,
				1BEA001B2697D65A000E207F /* Resources */,
				3046FBA290BD711CB5BD5E3E /* [CP] Embed Pods Frameworks */,
			);
			buildRules = (
			);
			dependencies = (
			);
			name = PushImprssions;
			productName = PushImprssions;
			productReference = 1BEA001D2697D65A000E207F /* PushImprssions.app */;
			productType = "com.apple.product-type.application";
		};
		1BEA00322697D65B000E207F /* PushImprssionsTests */ = {
			isa = PBXNativeTarget;
			buildConfigurationList = 1BEA004A2697D65B000E207F /* Build configuration list for PBXNativeTarget "PushImprssionsTests" */;
			buildPhases = (
				473E993EC54B12A8FC651E79 /* [CP] Check Pods Manifest.lock */,
				1BEA002F2697D65B000E207F /* Sources */,
				1BEA00302697D65B000E207F /* Frameworks */,
				1BEA00312697D65B000E207F /* Resources */,
			);
			buildRules = (
			);
			dependencies = (
				1BEA00352697D65B000E207F /* PBXTargetDependency */,
			);
			name = PushImprssionsTests;
			productName = PushImprssionsTests;
			productReference = 1BEA00332697D65B000E207F /* PushImprssionsTests.xctest */;
			productType = "com.apple.product-type.bundle.unit-test";
		};
		1BEA003D2697D65B000E207F /* PushImprssionsUITests */ = {
			isa = PBXNativeTarget;
			buildConfigurationList = 1BEA004D2697D65B000E207F /* Build configuration list for PBXNativeTarget "PushImprssionsUITests" */;
			buildPhases = (
				EC952611601C0040499FC647 /* [CP] Check Pods Manifest.lock */,
				1BEA003A2697D65B000E207F /* Sources */,
				1BEA003B2697D65B000E207F /* Frameworks */,
				1BEA003C2697D65B000E207F /* Resources */,
				A252075A4AEA275E016F4357 /* [CP] Embed Pods Frameworks */,
			);
			buildRules = (
			);
			dependencies = (
				1BEA00402697D65B000E207F /* PBXTargetDependency */,
			);
			name = PushImprssionsUITests;
			productName = PushImprssionsUITests;
			productReference = 1BEA003E2697D65B000E207F /* PushImprssionsUITests.xctest */;
			productType = "com.apple.product-type.bundle.ui-testing";
		};
/* End PBXNativeTarget section */

/* Begin PBXProject section */
		1BEA00152697D65A000E207F /* Project object */ = {
			isa = PBXProject;
			attributes = {
				LastSwiftUpdateCheck = 1250;
				LastUpgradeCheck = 1250;
				TargetAttributes = {
					1BEA001C2697D65A000E207F = {
						CreatedOnToolsVersion = 12.5;
					};
					1BEA00322697D65B000E207F = {
						CreatedOnToolsVersion = 12.5;
						TestTargetID = 1BEA001C2697D65A000E207F;
					};
					1BEA003D2697D65B000E207F = {
						CreatedOnToolsVersion = 12.5;
						TestTargetID = 1BEA001C2697D65A000E207F;
					};
				};
			};
			buildConfigurationList = 1BEA00182697D65A000E207F /* Build configuration list for PBXProject "PushImprssions" */;
			compatibilityVersion = "Xcode 9.3";
			developmentRegion = en;
			hasScannedForEncodings = 0;
			knownRegions = (
				en,
				Base,
			);
			mainGroup = 1BEA00142697D65A000E207F;
			productRefGroup = 1BEA001E2697D65A000E207F /* Products */;
			projectDirPath = "";
			projectRoot = "";
			targets = (
				1BEA001C2697D65A000E207F /* PushImprssions */,
				1BEA00322697D65B000E207F /* PushImprssionsTests */,
				1BEA003D2697D65B000E207F /* PushImprssionsUITests */,
			);
		};
/* End PBXProject section */

/* Begin PBXResourcesBuildPhase section */
		1BEA001B2697D65A000E207F /* Resources */ = {
			isa = PBXResourcesBuildPhase;
			buildActionMask = 2147483647;
			files = (
				1BEA002D2697D65B000E207F /* LaunchScreen.storyboard in Resources */,
				1BEA002A2697D65B000E207F /* Assets.xcassets in Resources */,
				1BEA00282697D65A000E207F /* Main.storyboard in Resources */,
			);
			runOnlyForDeploymentPostprocessing = 0;
		};
		1BEA00312697D65B000E207F /* Resources */ = {
			isa = PBXResourcesBuildPhase;
			buildActionMask = 2147483647;
			files = (
			);
			runOnlyForDeploymentPostprocessing = 0;
		};
		1BEA003C2697D65B000E207F /* Resources */ = {
			isa = PBXResourcesBuildPhase;
			buildActionMask = 2147483647;
			files = (
			);
			runOnlyForDeploymentPostprocessing = 0;
		};
/* End PBXResourcesBuildPhase section */

/* Begin PBXShellScriptBuildPhase section */
		3046FBA290BD711CB5BD5E3E /* [CP] Embed Pods Frameworks */ = {
			isa = PBXShellScriptBuildPhase;
			buildActionMask = 2147483647;
			files = (
			);
			inputFileListPaths = (
				"${PODS_ROOT}/Target Support Files/Pods-PushImprssions/Pods-PushImprssions-frameworks-${CONFIGURATION}-input-files.xcfilelist",
			);
			name = "[CP] Embed Pods Frameworks";
			outputFileListPaths = (
				"${PODS_ROOT}/Target Support Files/Pods-PushImprssions/Pods-PushImprssions-frameworks-${CONFIGURATION}-output-files.xcfilelist",
			);
			runOnlyForDeploymentPostprocessing = 0;
			shellPath = /bin/sh;
			shellScript = "\"${PODS_ROOT}/Target Support Files/Pods-PushImprssions/Pods-PushImprssions-frameworks.sh\"\n";
			showEnvVarsInLog = 0;
		};
		473E993EC54B12A8FC651E79 /* [CP] Check Pods Manifest.lock */ = {
			isa = PBXShellScriptBuildPhase;
			buildActionMask = 2147483647;
			files = (
			);
			inputFileListPaths = (
			);
			inputPaths = (
				"${PODS_PODFILE_DIR_PATH}/Podfile.lock",
				"${PODS_ROOT}/Manifest.lock",
			);
			name = "[CP] Check Pods Manifest.lock";
			outputFileListPaths = (
			);
			outputPaths = (
				"$(DERIVED_FILE_DIR)/Pods-PushImprssionsTests-checkManifestLockResult.txt",
			);
			runOnlyForDeploymentPostprocessing = 0;
			shellPath = /bin/sh;
			shellScript = "diff \"${PODS_PODFILE_DIR_PATH}/Podfile.lock\" \"${PODS_ROOT}/Manifest.lock\" > /dev/null\nif [ $? != 0 ] ; then\n    # print error to STDERR\n    echo \"error: The sandbox is not in sync with the Podfile.lock. Run 'pod install' or update your CocoaPods installation.\" >&2\n    exit 1\nfi\n# This output is used by Xcode 'outputs' to avoid re-running this script phase.\necho \"SUCCESS\" > \"${SCRIPT_OUTPUT_FILE_0}\"\n";
			showEnvVarsInLog = 0;
		};
		A252075A4AEA275E016F4357 /* [CP] Embed Pods Frameworks */ = {
			isa = PBXShellScriptBuildPhase;
			buildActionMask = 2147483647;
			files = (
			);
			inputFileListPaths = (
				"${PODS_ROOT}/Target Support Files/Pods-PushImprssions-PushImprssionsUITests/Pods-PushImprssions-PushImprssionsUITests-frameworks-${CONFIGURATION}-input-files.xcfilelist",
			);
			name = "[CP] Embed Pods Frameworks";
			outputFileListPaths = (
				"${PODS_ROOT}/Target Support Files/Pods-PushImprssions-PushImprssionsUITests/Pods-PushImprssions-PushImprssionsUITests-frameworks-${CONFIGURATION}-output-files.xcfilelist",
			);
			runOnlyForDeploymentPostprocessing = 0;
			shellPath = /bin/sh;
			shellScript = "\"${PODS_ROOT}/Target Support Files/Pods-PushImprssions-PushImprssionsUITests/Pods-PushImprssions-PushImprssionsUITests-frameworks.sh\"\n";
			showEnvVarsInLog = 0;
		};
		AFBF6057470DD059CC48EEA9 /* [CP] Check Pods Manifest.lock */ = {
			isa = PBXShellScriptBuildPhase;
			buildActionMask = 2147483647;
			files = (
			);
			inputFileListPaths = (
			);
			inputPaths = (
				"${PODS_PODFILE_DIR_PATH}/Podfile.lock",
				"${PODS_ROOT}/Manifest.lock",
			);
			name = "[CP] Check Pods Manifest.lock";
			outputFileListPaths = (
			);
			outputPaths = (
				"$(DERIVED_FILE_DIR)/Pods-PushImprssions-checkManifestLockResult.txt",
			);
			runOnlyForDeploymentPostprocessing = 0;
			shellPath = /bin/sh;
			shellScript = "diff \"${PODS_PODFILE_DIR_PATH}/Podfile.lock\" \"${PODS_ROOT}/Manifest.lock\" > /dev/null\nif [ $? != 0 ] ; then\n    # print error to STDERR\n    echo \"error: The sandbox is not in sync with the Podfile.lock. Run 'pod install' or update your CocoaPods installation.\" >&2\n    exit 1\nfi\n# This output is used by Xcode 'outputs' to avoid re-running this script phase.\necho \"SUCCESS\" > \"${SCRIPT_OUTPUT_FILE_0}\"\n";
			showEnvVarsInLog = 0;
		};
		EC952611601C0040499FC647 /* [CP] Check Pods Manifest.lock */ = {
			isa = PBXShellScriptBuildPhase;
			buildActionMask = 2147483647;
			files = (
			);
			inputFileListPaths = (
			);
			inputPaths = (
				"${PODS_PODFILE_DIR_PATH}/Podfile.lock",
				"${PODS_ROOT}/Manifest.lock",
			);
			name = "[CP] Check Pods Manifest.lock";
			outputFileListPaths = (
			);
			outputPaths = (
				"$(DERIVED_FILE_DIR)/Pods-PushImprssions-PushImprssionsUITests-checkManifestLockResult.txt",
			);
			runOnlyForDeploymentPostprocessing = 0;
			shellPath = /bin/sh;
			shellScript = "diff \"${PODS_PODFILE_DIR_PATH}/Podfile.lock\" \"${PODS_ROOT}/Manifest.lock\" > /dev/null\nif [ $? != 0 ] ; then\n    # print error to STDERR\n    echo \"error: The sandbox is not in sync with the Podfile.lock. Run 'pod install' or update your CocoaPods installation.\" >&2\n    exit 1\nfi\n# This output is used by Xcode 'outputs' to avoid re-running this script phase.\necho \"SUCCESS\" > \"${SCRIPT_OUTPUT_FILE_0}\"\n";
			showEnvVarsInLog = 0;
		};
/* End PBXShellScriptBuildPhase section */

/* Begin PBXSourcesBuildPhase section */
		1BEA00192697D65A000E207F /* Sources */ = {
			isa = PBXSourcesBuildPhase;
			buildActionMask = 2147483647;
			files = (
				1BEA00252697D65A000E207F /* ViewController.swift in Sources */,
				1BEA00212697D65A000E207F /* AppDelegate.swift in Sources */,
				1BEA00232697D65A000E207F /* SceneDelegate.swift in Sources */,
			);
			runOnlyForDeploymentPostprocessing = 0;
		};
		1BEA002F2697D65B000E207F /* Sources */ = {
			isa = PBXSourcesBuildPhase;
			buildActionMask = 2147483647;
			files = (
				1BEA00382697D65B000E207F /* PushImprssionsTests.swift in Sources */,
			);
			runOnlyForDeploymentPostprocessing = 0;
		};
		1BEA003A2697D65B000E207F /* Sources */ = {
			isa = PBXSourcesBuildPhase;
			buildActionMask = 2147483647;
			files = (
				1BEA00432697D65B000E207F /* PushImprssionsUITests.swift in Sources */,
			);
			runOnlyForDeploymentPostprocessing = 0;
		};
/* End PBXSourcesBuildPhase section */

/* Begin PBXTargetDependency section */
		1BEA00352697D65B000E207F /* PBXTargetDependency */ = {
			isa = PBXTargetDependency;
			target = 1BEA001C2697D65A000E207F /* PushImprssions */;
			targetProxy = 1BEA00342697D65B000E207F /* PBXContainerItemProxy */;
		};
		1BEA00402697D65B000E207F /* PBXTargetDependency */ = {
			isa = PBXTargetDependency;
			target = 1BEA001C2697D65A000E207F /* PushImprssions */;
			targetProxy = 1BEA003F2697D65B000E207F /* PBXContainerItemProxy */;
		};
/* End PBXTargetDependency section */

/* Begin PBXVariantGroup section */
		1BEA00262697D65A000E207F /* Main.storyboard */ = {
			isa = PBXVariantGroup;
			children = (
				1BEA00272697D65A000E207F /* Base */,
			);
			name = Main.storyboard;
			sourceTree = "<group>";
		};
		1BEA002B2697D65B000E207F /* LaunchScreen.storyboard */ = {
			isa = PBXVariantGroup;
			children = (
				1BEA002C2697D65B000E207F /* Base */,
			);
			name = LaunchScreen.storyboard;
			sourceTree = "<group>";
		};
/* End PBXVariantGroup section */

/* Begin XCBuildConfiguration section */
		1BEA00452697D65B000E207F /* Debug */ = {
			isa = XCBuildConfiguration;
			buildSettings = {
				ALWAYS_SEARCH_USER_PATHS = NO;
				CLANG_ANALYZER_NONNULL = YES;
				CLANG_ANALYZER_NUMBER_OBJECT_CONVERSION = YES_AGGRESSIVE;
				CLANG_CXX_LANGUAGE_STANDARD = "gnu++14";
				CLANG_CXX_LIBRARY = "libc++";
				CLANG_ENABLE_MODULES = YES;
				CLANG_ENABLE_OBJC_ARC = YES;
				CLANG_ENABLE_OBJC_WEAK = YES;
				CLANG_WARN_BLOCK_CAPTURE_AUTORELEASING = YES;
				CLANG_WARN_BOOL_CONVERSION = YES;
				CLANG_WARN_COMMA = YES;
				CLANG_WARN_CONSTANT_CONVERSION = YES;
				CLANG_WARN_DEPRECATED_OBJC_IMPLEMENTATIONS = YES;
				CLANG_WARN_DIRECT_OBJC_ISA_USAGE = YES_ERROR;
				CLANG_WARN_DOCUMENTATION_COMMENTS = YES;
				CLANG_WARN_EMPTY_BODY = YES;
				CLANG_WARN_ENUM_CONVERSION = YES;
				CLANG_WARN_INFINITE_RECURSION = YES;
				CLANG_WARN_INT_CONVERSION = YES;
				CLANG_WARN_NON_LITERAL_NULL_CONVERSION = YES;
				CLANG_WARN_OBJC_IMPLICIT_RETAIN_SELF = YES;
				CLANG_WARN_OBJC_LITERAL_CONVERSION = YES;
				CLANG_WARN_OBJC_ROOT_CLASS = YES_ERROR;
				CLANG_WARN_QUOTED_INCLUDE_IN_FRAMEWORK_HEADER = YES;
				CLANG_WARN_RANGE_LOOP_ANALYSIS = YES;
				CLANG_WARN_STRICT_PROTOTYPES = YES;
				CLANG_WARN_SUSPICIOUS_MOVE = YES;
				CLANG_WARN_UNGUARDED_AVAILABILITY = YES_AGGRESSIVE;
				CLANG_WARN_UNREACHABLE_CODE = YES;
				CLANG_WARN__DUPLICATE_METHOD_MATCH = YES;
				COPY_PHASE_STRIP = NO;
				DEBUG_INFORMATION_FORMAT = dwarf;
				ENABLE_STRICT_OBJC_MSGSEND = YES;
				ENABLE_TESTABILITY = YES;
				GCC_C_LANGUAGE_STANDARD = gnu11;
				GCC_DYNAMIC_NO_PIC = NO;
				GCC_NO_COMMON_BLOCKS = YES;
				GCC_OPTIMIZATION_LEVEL = 0;
				GCC_PREPROCESSOR_DEFINITIONS = (
					"DEBUG=1",
					"$(inherited)",
				);
				GCC_WARN_64_TO_32_BIT_CONVERSION = YES;
				GCC_WARN_ABOUT_RETURN_TYPE = YES_ERROR;
				GCC_WARN_UNDECLARED_SELECTOR = YES;
				GCC_WARN_UNINITIALIZED_AUTOS = YES_AGGRESSIVE;
				GCC_WARN_UNUSED_FUNCTION = YES;
				GCC_WARN_UNUSED_VARIABLE = YES;
				IPHONEOS_DEPLOYMENT_TARGET = 14.5;
				MTL_ENABLE_DEBUG_INFO = INCLUDE_SOURCE;
				MTL_FAST_MATH = YES;
				ONLY_ACTIVE_ARCH = YES;
				SDKROOT = iphoneos;
				SWIFT_ACTIVE_COMPILATION_CONDITIONS = DEBUG;
				SWIFT_OPTIMIZATION_LEVEL = "-Onone";
			};
			name = Debug;
		};
		1BEA00462697D65B000E207F /* Release */ = {
			isa = XCBuildConfiguration;
			buildSettings = {
				ALWAYS_SEARCH_USER_PATHS = NO;
				CLANG_ANALYZER_NONNULL = YES;
				CLANG_ANALYZER_NUMBER_OBJECT_CONVERSION = YES_AGGRESSIVE;
				CLANG_CXX_LANGUAGE_STANDARD = "gnu++14";
				CLANG_CXX_LIBRARY = "libc++";
				CLANG_ENABLE_MODULES = YES;
				CLANG_ENABLE_OBJC_ARC = YES;
				CLANG_ENABLE_OBJC_WEAK = YES;
				CLANG_WARN_BLOCK_CAPTURE_AUTORELEASING = YES;
				CLANG_WARN_BOOL_CONVERSION = YES;
				CLANG_WARN_COMMA = YES;
				CLANG_WARN_CONSTANT_CONVERSION = YES;
				CLANG_WARN_DEPRECATED_OBJC_IMPLEMENTATIONS = YES;
				CLANG_WARN_DIRECT_OBJC_ISA_USAGE = YES_ERROR;
				CLANG_WARN_DOCUMENTATION_COMMENTS = YES;
				CLANG_WARN_EMPTY_BODY = YES;
				CLANG_WARN_ENUM_CONVERSION = YES;
				CLANG_WARN_INFINITE_RECURSION = YES;
				CLANG_WARN_INT_CONVERSION = YES;
				CLANG_WARN_NON_LITERAL_NULL_CONVERSION = YES;
				CLANG_WARN_OBJC_IMPLICIT_RETAIN_SELF = YES;
				CLANG_WARN_OBJC_LITERAL_CONVERSION = YES;
				CLANG_WARN_OBJC_ROOT_CLASS = YES_ERROR;
				CLANG_WARN_QUOTED_INCLUDE_IN_FRAMEWORK_HEADER = YES;
				CLANG_WARN_RANGE_LOOP_ANALYSIS = YES;
				CLANG_WARN_STRICT_PROTOTYPES = YES;
				CLANG_WARN_SUSPICIOUS_MOVE = YES;
				CLANG_WARN_UNGUARDED_AVAILABILITY = YES_AGGRESSIVE;
				CLANG_WARN_UNREACHABLE_CODE = YES;
				CLANG_WARN__DUPLICATE_METHOD_MATCH = YES;
				COPY_PHASE_STRIP = NO;
				DEBUG_INFORMATION_FORMAT = "dwarf-with-dsym";
				ENABLE_NS_ASSERTIONS = NO;
				ENABLE_STRICT_OBJC_MSGSEND = YES;
				GCC_C_LANGUAGE_STANDARD = gnu11;
				GCC_NO_COMMON_BLOCKS = YES;
				GCC_WARN_64_TO_32_BIT_CONVERSION = YES;
				GCC_WARN_ABOUT_RETURN_TYPE = YES_ERROR;
				GCC_WARN_UNDECLARED_SELECTOR = YES;
				GCC_WARN_UNINITIALIZED_AUTOS = YES_AGGRESSIVE;
				GCC_WARN_UNUSED_FUNCTION = YES;
				GCC_WARN_UNUSED_VARIABLE = YES;
				IPHONEOS_DEPLOYMENT_TARGET = 14.5;
				MTL_ENABLE_DEBUG_INFO = NO;
				MTL_FAST_MATH = YES;
				SDKROOT = iphoneos;
				SWIFT_COMPILATION_MODE = wholemodule;
				SWIFT_OPTIMIZATION_LEVEL = "-O";
				VALIDATE_PRODUCT = YES;
			};
			name = Release;
		};
		1BEA00482697D65B000E207F /* Debug */ = {
			isa = XCBuildConfiguration;
			baseConfigurationReference = 928CCB380E9ACE4192CC83A4 /* Pods-PushImprssions.debug.xcconfig */;
			buildSettings = {
				ASSETCATALOG_COMPILER_APPICON_NAME = AppIcon;
				ASSETCATALOG_COMPILER_GLOBAL_ACCENT_COLOR_NAME = AccentColor;
				CODE_SIGN_STYLE = Automatic;
				DEVELOPMENT_TEAM = 7XM67G79YA;
				INFOPLIST_FILE = PushImprssions/Info.plist;
				LD_RUNPATH_SEARCH_PATHS = (
					"$(inherited)",
					"@executable_path/Frameworks",
				);
				PRODUCT_BUNDLE_IDENTIFIER = com.sunny.ctios;
				PRODUCT_NAME = "$(TARGET_NAME)";
				SWIFT_VERSION = 5.0;
				TARGETED_DEVICE_FAMILY = "1,2";
			};
			name = Debug;
		};
		1BEA00492697D65B000E207F /* Release */ = {
			isa = XCBuildConfiguration;
			baseConfigurationReference = 933A3C02DD5C19DAB2776F26 /* Pods-PushImprssions.release.xcconfig */;
			buildSettings = {
				ASSETCATALOG_COMPILER_APPICON_NAME = AppIcon;
				ASSETCATALOG_COMPILER_GLOBAL_ACCENT_COLOR_NAME = AccentColor;
				CODE_SIGN_STYLE = Automatic;
				DEVELOPMENT_TEAM = 7XM67G79YA;
				INFOPLIST_FILE = PushImprssions/Info.plist;
				LD_RUNPATH_SEARCH_PATHS = (
					"$(inherited)",
					"@executable_path/Frameworks",
				);
				PRODUCT_BUNDLE_IDENTIFIER = com.sunny.ctios;
				PRODUCT_NAME = "$(TARGET_NAME)";
				SWIFT_VERSION = 5.0;
				TARGETED_DEVICE_FAMILY = "1,2";
			};
			name = Release;
		};
		1BEA004B2697D65B000E207F /* Debug */ = {
			isa = XCBuildConfiguration;
			baseConfigurationReference = 9D9C810E51F51B3F143EFFE6 /* Pods-PushImprssionsTests.debug.xcconfig */;
			buildSettings = {
				ALWAYS_EMBED_SWIFT_STANDARD_LIBRARIES = YES;
				BUNDLE_LOADER = "$(TEST_HOST)";
				CODE_SIGN_STYLE = Automatic;
				DEVELOPMENT_TEAM = 7XM67G79YA;
				INFOPLIST_FILE = PushImprssionsTests/Info.plist;
				IPHONEOS_DEPLOYMENT_TARGET = 14.5;
				LD_RUNPATH_SEARCH_PATHS = (
					"$(inherited)",
					"@executable_path/Frameworks",
					"@loader_path/Frameworks",
				);
				PRODUCT_BUNDLE_IDENTIFIER = com.sunny.ctios.PushImprssionsTests;
				PRODUCT_NAME = "$(TARGET_NAME)";
				SWIFT_VERSION = 5.0;
				TARGETED_DEVICE_FAMILY = "1,2";
				TEST_HOST = "$(BUILT_PRODUCTS_DIR)/PushImprssions.app/PushImprssions";
			};
			name = Debug;
		};
		1BEA004C2697D65B000E207F /* Release */ = {
			isa = XCBuildConfiguration;
			baseConfigurationReference = F746918FEC0ADD750A1767FE /* Pods-PushImprssionsTests.release.xcconfig */;
			buildSettings = {
				ALWAYS_EMBED_SWIFT_STANDARD_LIBRARIES = YES;
				BUNDLE_LOADER = "$(TEST_HOST)";
				CODE_SIGN_STYLE = Automatic;
				DEVELOPMENT_TEAM = 7XM67G79YA;
				INFOPLIST_FILE = PushImprssionsTests/Info.plist;
				IPHONEOS_DEPLOYMENT_TARGET = 14.5;
				LD_RUNPATH_SEARCH_PATHS = (
					"$(inherited)",
					"@executable_path/Frameworks",
					"@loader_path/Frameworks",
				);
				PRODUCT_BUNDLE_IDENTIFIER = com.sunny.ctios.PushImprssionsTests;
				PRODUCT_NAME = "$(TARGET_NAME)";
				SWIFT_VERSION = 5.0;
				TARGETED_DEVICE_FAMILY = "1,2";
				TEST_HOST = "$(BUILT_PRODUCTS_DIR)/PushImprssions.app/PushImprssions";
			};
			name = Release;
		};
		1BEA004E2697D65B000E207F /* Debug */ = {
			isa = XCBuildConfiguration;
			baseConfigurationReference = 29A0812B1EC54CD4C9649A88 /* Pods-PushImprssions-PushImprssionsUITests.debug.xcconfig */;
			buildSettings = {
				ALWAYS_EMBED_SWIFT_STANDARD_LIBRARIES = YES;
				CODE_SIGN_STYLE = Automatic;
				DEVELOPMENT_TEAM = 7XM67G79YA;
				INFOPLIST_FILE = PushImprssionsUITests/Info.plist;
				LD_RUNPATH_SEARCH_PATHS = (
					"$(inherited)",
					"@executable_path/Frameworks",
					"@loader_path/Frameworks",
				);
				PRODUCT_BUNDLE_IDENTIFIER = com.sunny.ctios.PushImprssionsUITests;
				PRODUCT_NAME = "$(TARGET_NAME)";
				SWIFT_VERSION = 5.0;
				TARGETED_DEVICE_FAMILY = "1,2";
				TEST_TARGET_NAME = PushImprssions;
			};
			name = Debug;
		};
		1BEA004F2697D65B000E207F /* Release */ = {
			isa = XCBuildConfiguration;
			baseConfigurationReference = 8C506C86FCD8A17611BA57C4 /* Pods-PushImprssions-PushImprssionsUITests.release.xcconfig */;
			buildSettings = {
				ALWAYS_EMBED_SWIFT_STANDARD_LIBRARIES = YES;
				CODE_SIGN_STYLE = Automatic;
				DEVELOPMENT_TEAM = 7XM67G79YA;
				INFOPLIST_FILE = PushImprssionsUITests/Info.plist;
				LD_RUNPATH_SEARCH_PATHS = (
					"$(inherited)",
					"@executable_path/Frameworks",
					"@loader_path/Frameworks",
				);
				PRODUCT_BUNDLE_IDENTIFIER = com.sunny.ctios.PushImprssionsUITests;
				PRODUCT_NAME = "$(TARGET_NAME)";
				SWIFT_VERSION = 5.0;
				TARGETED_DEVICE_FAMILY = "1,2";
				TEST_TARGET_NAME = PushImprssions;
			};
			name = Release;
		};
/* End XCBuildConfiguration section */

/* Begin XCConfigurationList section */
		1BEA00182697D65A000E207F /* Build configuration list for PBXProject "PushImprssions" */ = {
			isa = XCConfigurationList;
			buildConfigurations = (
				1BEA00452697D65B000E207F /* Debug */,
				1BEA00462697D65B000E207F /* Release */,
			);
			defaultConfigurationIsVisible = 0;
			defaultConfigurationName = Release;
		};
		1BEA00472697D65B000E207F /* Build configuration list for PBXNativeTarget "PushImprssions" */ = {
			isa = XCConfigurationList;
			buildConfigurations = (
				1BEA00482697D65B000E207F /* Debug */,
				1BEA00492697D65B000E207F /* Release */,
			);
			defaultConfigurationIsVisible = 0;
			defaultConfigurationName = Release;
		};
		1BEA004A2697D65B000E207F /* Build configuration list for PBXNativeTarget "PushImprssionsTests" */ = {
			isa = XCConfigurationList;
			buildConfigurations = (
				1BEA004B2697D65B000E207F /* Debug */,
				1BEA004C2697D65B000E207F /* Release */,
			);
			defaultConfigurationIsVisible = 0;
			defaultConfigurationName = Release;
		};
		1BEA004D2697D65B000E207F /* Build configuration list for PBXNativeTarget "PushImprssionsUITests" */ = {
			isa = XCConfigurationList;
			buildConfigurations = (
				1BEA004E2697D65B000E207F /* Debug */,
				1BEA004F2697D65B000E207F /* Release */,
			);
			defaultConfigurationIsVisible = 0;
			defaultConfigurationName = Release;
		};
/* End XCConfigurationList section */
	};
	rootObject = 1BEA00152697D65A000E207F /* Project object */;
}
